
Microsoft Visual Studio Solution File, Format Version 12.00
# Visual Studio Version 16
VisualStudioVersion = 16.0.31410.357
MinimumVisualStudioVersion = 10.0.40219.1
Project("{2150E333-8FDC-42A3-9474-1A3956D46DE8}") = "src", "src", "{ABC7EA73-7D3A-4C4C-9100-456709D237AD}"
EndProject
Project("{2150E333-8FDC-42A3-9474-1A3956D46DE8}") = "Core", "Core", "{7EBF1C3E-30E2-46C1-9F12-B61B4868D400}"
EndProject
Project("{2150E333-8FDC-42A3-9474-1A3956D46DE8}") = "Infraestructure", "Infraestructure", "{AE8716E3-E8E8-4B06-ADB5-4F4889BA1210}"
EndProject
Project("{2150E333-8FDC-42A3-9474-1A3956D46DE8}") = "Presentation", "Presentation", "{386D8ED6-6126-4315-BC90-5A0F5F66EEA7}"
EndProject
Project("{FAE04EC0-301F-11D3-BF4B-00C04F79EFBC}") = "Application", "Application\Application.csproj", "{47771C94-87CF-4D94-8602-6042EF939E7A}"
EndProject
Project("{FAE04EC0-301F-11D3-BF4B-00C04F79EFBC}") = "Domain", "Domain\Domain.csproj", "{C953BA38-1393-412D-8F39-D65B57B6A350}"
EndProject
Project("{FAE04EC0-301F-11D3-BF4B-00C04F79EFBC}") = "Persistence", "Persistence\Persistence.csproj", "{9CE35712-5E54-4F4B-B172-2B3046C707D4}"
EndProject
Project("{FAE04EC0-301F-11D3-BF4B-00C04F79EFBC}") = "WebAPI", "WebAPI\WebAPI.csproj", "{3A47F8C3-E2C3-4A84-8B77-1C739DB6A478}"
EndProject
Global
	GlobalSection(SolutionConfigurationPlatforms) = preSolution
		Debug|Any CPU = Debug|Any CPU
		Release|Any CPU = Release|Any CPU
	EndGlobalSection
	GlobalSection(ProjectConfigurationPlatforms) = postSolution
		{47771C94-87CF-4D94-8602-6042EF939E7A}.Debug|Any CPU.ActiveCfg = Debug|Any CPU
		{47771C94-87CF-4D94-8602-6042EF939E7A}.Debug|Any CPU.Build.0 = Debug|Any CPU
		{47771C94-87CF-4D94-8602-6042EF939E7A}.Release|Any CPU.ActiveCfg = Release|Any CPU
		{47771C94-87CF-4D94-8602-6042EF939E7A}.Release|Any CPU.Build.0 = Release|Any CPU
		{C953BA38-1393-412D-8F39-D65B57B6A350}.Debug|Any CPU.ActiveCfg = Debug|Any CPU
		{C953BA38-1393-412D-8F39-D65B57B6A350}.Debug|Any CPU.Build.0 = Debug|Any CPU
		{C953BA38-1393-412D-8F39-D65B57B6A350}.Release|Any CPU.ActiveCfg = Release|Any CPU
		{C953BA38-1393-412D-8F39-D65B57B6A350}.Release|Any CPU.Build.0 = Release|Any CPU
		{9CE35712-5E54-4F4B-B172-2B3046C707D4}.Debug|Any CPU.ActiveCfg = Debug|Any CPU
		{9CE35712-5E54-4F4B-B172-2B3046C707D4}.Debug|Any CPU.Build.0 = Debug|Any CPU
		{9CE35712-5E54-4F4B-B172-2B3046C707D4}.Release|Any CPU.ActiveCfg = Release|Any CPU
		{9CE35712-5E54-4F4B-B172-2B3046C707D4}.Release|Any CPU.Build.0 = Release|Any CPU
		{3A47F8C3-E2C3-4A84-8B77-1C739DB6A478}.Debug|Any CPU.ActiveCfg = Debug|Any CPU
		{3A47F8C3-E2C3-4A84-8B77-1C739DB6A478}.Debug|Any CPU.Build.0 = Debug|Any CPU
		{3A47F8C3-E2C3-4A84-8B77-1C739DB6A478}.Release|Any CPU.ActiveCfg = Release|Any CPU
		{3A47F8C3-E2C3-4A84-8B77-1C739DB6A478}.Release|Any CPU.Build.0 = Release|Any CPU
	EndGlobalSection
	GlobalSection(SolutionProperties) = preSolution
		HideSolutionNode = FALSE
	EndGlobalSection
	GlobalSection(NestedProjects) = preSolution
		{7EBF1C3E-30E2-46C1-9F12-B61B4868D400} = {ABC7EA73-7D3A-4C4C-9100-456709D237AD}
		{AE8716E3-E8E8-4B06-ADB5-4F4889BA1210} = {ABC7EA73-7D3A-4C4C-9100-456709D237AD}
		{386D8ED6-6126-4315-BC90-5A0F5F66EEA7} = {ABC7EA73-7D3A-4C4C-9100-456709D237AD}
		{47771C94-87CF-4D94-8602-6042EF939E7A} = {7EBF1C3E-30E2-46C1-9F12-B61B4868D400}
		{C953BA38-1393-412D-8F39-D65B57B6A350} = {7EBF1C3E-30E2-46C1-9F12-B61B4868D400}
		{9CE35712-5E54-4F4B-B172-2B3046C707D4} = {AE8716E3-E8E8-4B06-ADB5-4F4889BA1210}
		{3A47F8C3-E2C3-4A84-8B77-1C739DB6A478} = {386D8ED6-6126-4315-BC90-5A0F5F66EEA7}
	EndGlobalSection
	GlobalSection(ExtensibilityGlobals) = postSolution
		SolutionGuid = {9B0342EE-6803-471F-80ED-4A41B07919EC}
	EndGlobalSection
EndGlobal
